
Microsoft Visual Studio Solution File, Format Version 11.00
# Visual C++ Express 2010
Project("{8BC9CEB8-8B4A-11D0-8D11-00A0C91BC942}") = "uac-example", "uac-example\uac-example.vcxproj", "{92388996-06CB-48E7-886B-C71F3A46D154}"
EndProject
Global
	GlobalSection(SolutionConfigurationPlatforms) = preSolution
		Debug|Win32 = Debug|Win32
		Release|Win32 = Release|Win32
	EndGlobalSection
	GlobalSection(ProjectConfigurationPlatforms) = postSolution
		{92388996-06CB-48E7-886B-C71F3A46D154}.Debug|Win32.ActiveCfg = Debug|Win32
		{92388996-06CB-48E7-886B-C71F3A46D154}.Debug|Win32.Build.0 = Debug|Win32
		{92388996-06CB-48E7-886B-C71F3A46D154}.Release|Win32.ActiveCfg = Release|Win32
		{92388996-06CB-48E7-886B-C71F3A46D154}.Release|Win32.Build.0 = Release|Win32
	EndGlobalSection
	GlobalSection(SolutionProperties) = preSolution
		HideSolutionNode = FALSE
	EndGlobalSection
EndGlobal
